# @generated - this file is auto-generated by `mise lock` https://mise.jdx.dev/dev-tools/mise-lock.html

[[tools."aqua:astral-sh/ruff"]]
version = "0.16.9"
backend = "aqua:astral-sh/ruff"

[tools."aqua:astral-sh/ruff"."platforms.linux-arm64"]
checksum = "sha256:40d9feb7210a6d984bb98b5f825afdcf36216ee464a884e26c104f97226c7713"
url = "https://github.com/astral-sh/ruff/releases/download/0.16.9/ruff-aarch64-unknown-linux-musl.tar.gz"
url_api = "https://api.github.com/repos/astral-sh/ruff/releases/assets/586787936"
provenance = "github-attestations"

[tools."aqua:astral-sh/ruff"."platforms.linux-arm64-musl"]
checksum = "sha256:40d9feb7210a6d984bb98b5f825afdcf36216ee464a884e26c104f97226c7713"
url = "https://github.com/astral-sh/ruff/releases/download/0.16.9/ruff-aarch64-unknown-linux-musl.tar.gz"
url_api = "https://api.github.com/repos/astral-sh/ruff/releases/assets/586787936"
provenance = "github-attestations"

[tools."aqua:astral-sh/ruff"."platforms.linux-x64"]
checksum = "sha256:6a561ed4bc860472f7833dfb0f0b8285d3969fa627188c5678ea4ac2c462bbee"
url = "https://github.com/astral-sh/ruff/releases/download/0.16.9/ruff-x86_64-unknown-linux-musl.tar.gz"
url_api = "https://api.github.com/repos/astral-sh/ruff/releases/assets/586788060"
provenance = "github-attestations"

[tools."aqua:astral-sh/ruff"."platforms.linux-x64-musl"]
checksum = "sha256:6a561ed4bc860472f7833dfb0f0b8285d3969fa627188c5678ea4ac2c462bbee"
url = "https://github.com/astral-sh/ruff/releases/download/0.16.9/ruff-x86_64-unknown-linux-musl.tar.gz"
url_api = "https://api.github.com/repos/astral-sh/ruff/releases/assets/586788060"
provenance = "github-attestations"

[tools."aqua:astral-sh/ruff"."platforms.macos-arm64"]
checksum = "sha256:33d35394499094cf6eb90f730dc82f11c0fab05d176378ae4f67de985ecc4146"
url = "https://github.com/astral-sh/ruff/releases/download/0.16.9/ruff-aarch64-apple-darwin.tar.gz"
url_api = "https://api.github.com/repos/astral-sh/ruff/releases/assets/586787913"
provenance = "github-attestations"

[tools."aqua:astral-sh/ruff"."platforms.macos-x64"]
checksum = "sha256:e98ea259a021c87d3a1f8bf18639d2e32dcd45cb2ef1afcb41b13e295de1e2b3"
url = "https://github.com/astral-sh/ruff/releases/download/0.16.9/ruff-x86_64-apple-darwin.tar.gz"
url_api = "https://api.github.com/repos/astral-sh/ruff/releases/assets/586788039"
provenance = "github-attestations"

[tools."aqua:astral-sh/ruff"."platforms.windows-x64"]
checksum = "sha256:fe5eb06b2f185b0d8035e17df9df0c831e59b3c98f11170206500650218a0b76"
url = "https://github.com/astral-sh/ruff/releases/download/0.16.9/ruff-x86_64-pc-windows-msvc.zip"
url_api = "https://api.github.com/repos/astral-sh/ruff/releases/assets/586788044"
provenance = "github-attestations"

[[tools."aqua:neovim/neovim"]]
version = "0.12.5"
backend = "aqua:neovim/neovim"

[tools."aqua:neovim/neovim"."platforms.linux-arm64"]
checksum = "sha256:1aa5ca085249580ae0f91eb14f27ec0919773ff2d99a163d03f3d6c21ac29725"
url = "https://github.com/neovim/neovim/releases/download/v0.12.5/nvim-linux-arm64.tar.gz"
url_api = "https://api.github.com/repos/neovim/neovim/releases/assets/526503739"

[tools."aqua:neovim/neovim"."platforms.linux-arm64-musl"]
checksum = "sha256:1aa5ca085249580ae0f91eb14f27ec0919773ff2d99a163d03f3d6c21ac29725"
url = "https://github.com/neovim/neovim/releases/download/v0.12.5/nvim-linux-arm64.tar.gz"
url_api = "https://api.github.com/repos/neovim/neovim/releases/assets/526503739"

[tools."aqua:neovim/neovim"."platforms.linux-x64"]
checksum = "sha256:bce0f56eda1f1b1db6eee8f4133d7a38813ea07933837dd1777411ca384c6875"
url = "https://github.com/neovim/neovim/releases/download/v0.12.5/nvim-linux-x86_64.tar.gz"
url_api = "https://api.github.com/repos/neovim/neovim/releases/assets/526503737"

[tools."aqua:neovim/neovim"."platforms.linux-x64-musl"]
checksum = "sha256:bce0f56eda1f1b1db6eee8f4133d7a38813ea07933837dd1777411ca384c6875"
url = "https://github.com/neovim/neovim/releases/download/v0.12.5/nvim-linux-x86_64.tar.gz"
url_api = "https://api.github.com/repos/neovim/neovim/releases/assets/526503737"

[tools."aqua:neovim/neovim"."platforms.macos-arm64"]
checksum = "sha256:65fb000099e47ca1b762584c484cc833f40e30851a0ec450d4174e16317c1f9b"
url = "https://github.com/neovim/neovim/releases/download/v0.12.5/nvim-macos-arm64.tar.gz"
url_api = "https://api.github.com/repos/neovim/neovim/releases/assets/526503741"

[tools."aqua:neovim/neovim"."platforms.macos-x64"]
checksum = "sha256:81f4518622cb059b450ee2e498c6a1082a222f6bd89589de5bbcf0c6a68aa3fd"
url = "https://github.com/neovim/neovim/releases/download/v0.12.5/nvim-macos-x86_64.tar.gz"
url_api = "https://api.github.com/repos/neovim/neovim/releases/assets/526503740"

[tools."aqua:neovim/neovim"."platforms.windows-x64"]
checksum = "sha256:de8625ba8cf65ebf40eb80a388ba1ec8e9c15b30218821e2c639119b05920de1"
url = "https://github.com/neovim/neovim/releases/download/v0.12.5/nvim-win64.zip"
url_api = "https://api.github.com/repos/neovim/neovim/releases/assets/526503770"

[[tools."github:agavra/tuicr"]]
version = "0.27.0"
backend = "github:agavra/tuicr"

[tools."github:agavra/tuicr"."platforms.linux-arm64"]
checksum = "sha256:6f6bf1604159bc8644cadf73b9bace8441af183a574aa9f8db0a7b142a1c0e16"
url = "https://github.com/agavra/tuicr/releases/download/v0.27.0/tuicr-0.27.0-aarch64-unknown-linux-gnu.tar.gz"
url_api = "https://api.github.com/repos/agavra/tuicr/releases/assets/584421927"

[tools."github:agavra/tuicr"."platforms.linux-arm64-musl"]
checksum = "sha256:d0707f491cc8cdf0930fc1466029341d804a0105dd0b674f8dca33afb8366490"
url = "https://github.com/agavra/tuicr/releases/download/v0.27.0/tuicr-0.27.0-aarch64-unknown-linux-musl.tar.gz"
url_api = "https://api.github.com/repos/agavra/tuicr/releases/assets/584422096"

[tools."github:agavra/tuicr"."platforms.linux-x64"]
checksum = "sha256:851c7671d85fd20dc77d30321b201093af9dcdfe45011ad1d51ae65a229da192"
url = "https://github.com/agavra/tuicr/releases/download/v0.27.0/tuicr-0.27.0-x86_64-unknown-linux-gnu.tar.gz"
url_api = "https://api.github.com/repos/agavra/tuicr/releases/assets/584422403"

[tools."github:agavra/tuicr"."platforms.linux-x64-musl"]
checksum = "sha256:f673ff709af2501c111216c95745395ae2bfedf3daa3d039539f9614a6ddb4e4"
url = "https://github.com/agavra/tuicr/releases/download/v0.27.0/tuicr-0.27.0-x86_64-unknown-linux-musl.tar.gz"
url_api = "https://api.github.com/repos/agavra/tuicr/releases/assets/584422780"

[tools."github:agavra/tuicr"."platforms.macos-arm64"]
checksum = "sha256:170b2e5290435faaf663c9498b1385493df7c336646b74c9336388844e028dcf"
url = "https://github.com/agavra/tuicr/releases/download/v0.27.0/tuicr-0.27.0-aarch64-apple-darwin.tar.gz"
url_api = "https://api.github.com/repos/agavra/tuicr/releases/assets/584424400"

[tools."github:agavra/tuicr"."platforms.macos-x64"]
checksum = "sha256:c93a066b4c0d558ecb09ebad498f12b6c34fd95cad536ec5a05a4fec91be1850"
url = "https://github.com/agavra/tuicr/releases/download/v0.27.0/tuicr-0.27.0-x86_64-apple-darwin.tar.gz"
url_api = "https://api.github.com/repos/agavra/tuicr/releases/assets/584425453"

[tools."github:agavra/tuicr"."platforms.windows-x64"]
checksum = "sha256:c1d68e051b2fdbed1cf0c641bcb1b26f63ef7b9b2ce38d23035a2dd8c616819c"
url = "https://github.com/agavra/tuicr/releases/download/v0.27.0/tuicr-0.27.0-x86_64-pc-windows-msvc.zip"
url_api = "https://api.github.com/repos/agavra/tuicr/releases/assets/584426157"

[[tools."github:earendil-works/pi"]]
version = "0.84.4"
backend = "github:earendil-works/pi"

[tools."github:earendil-works/pi"."platforms.linux-arm64"]
checksum = "sha256:135580f6b942151646e67b8b866d987d28ce3cff5a497030775ddd29659f943d"
url = "https://github.com/earendil-works/pi/releases/download/v0.84.4/pi-linux-arm64.tar.gz"
url_api = "https://api.github.com/repos/earendil-works/pi/releases/assets/534389947"

[tools."github:earendil-works/pi"."platforms.linux-arm64-musl"]
checksum = "sha256:135580f6b942151646e67b8b866d987d28ce3cff5a497030775ddd29659f943d"
url = "https://github.com/earendil-works/pi/releases/download/v0.84.4/pi-linux-arm64.tar.gz"
url_api = "https://api.github.com/repos/earendil-works/pi/releases/assets/534389947"

[tools."github:earendil-works/pi"."platforms.linux-x64"]
checksum = "sha256:c2f3c3e6a1850bd87654cc3ca8811013272397c3d042a4e2a64c43ee1b423972"
url = "https://github.com/earendil-works/pi/releases/download/v0.84.4/pi-linux-x64.tar.gz"
url_api = "https://api.github.com/repos/earendil-works/pi/releases/assets/534389946"

[tools."github:earendil-works/pi"."platforms.linux-x64-musl"]
checksum = "sha256:c2f3c3e6a1850bd87654cc3ca8811013272397c3d042a4e2a64c43ee1b423972"
url = "https://github.com/earendil-works/pi/releases/download/v0.84.4/pi-linux-x64.tar.gz"
url_api = "https://api.github.com/repos/earendil-works/pi/releases/assets/534389946"

[tools."github:earendil-works/pi"."platforms.macos-arm64"]
checksum = "sha256:c68e3ac4d05b4e282aaab2e6c76f161d3e9e68f19a22e38913cbfaadb6c800f0"
url = "https://github.com/earendil-works/pi/releases/download/v0.84.4/pi-darwin-arm64.tar.gz"
url_api = "https://api.github.com/repos/earendil-works/pi/releases/assets/534389952"

[tools."github:earendil-works/pi"."platforms.macos-x64"]
checksum = "sha256:7a042d6413065421387001a4986190a1a03186c95a695f4dee0bdc76e60de8f7"
url = "https://github.com/earendil-works/pi/releases/download/v0.84.4/pi-darwin-x64.tar.gz"
url_api = "https://api.github.com/repos/earendil-works/pi/releases/assets/534389948"

[tools."github:earendil-works/pi"."platforms.windows-x64"]
checksum = "sha256:03b2318774f18721e959d9f8f3340a9f942e7aa516fb7030d3007a12a40a4a97"
url = "https://github.com/earendil-works/pi/releases/download/v0.84.4/pi-windows-x64.zip"
url_api = "https://api.github.com/repos/earendil-works/pi/releases/assets/534389959"

[[tools."github:jesseduffield/lazygit"]]
version = "0.65.1"
backend = "github:jesseduffield/lazygit"

[tools."github:jesseduffield/lazygit"."platforms.linux-arm64"]
checksum = "sha256:49abecdf6adf4f2dfdb11bf7b9bfada267ea523612ed809d1c6d87f6c04000a7"
url = "https://github.com/jesseduffield/lazygit/releases/download/v0.65.1/lazygit_0.65.1_linux_arm64.tar.gz"
url_api = "https://api.github.com/repos/jesseduffield/lazygit/releases/assets/560658270"

[tools."github:jesseduffield/lazygit"."platforms.linux-arm64-musl"]
checksum = "sha256:49abecdf6adf4f2dfdb11bf7b9bfada267ea523612ed809d1c6d87f6c04000a7"
url = "https://github.com/jesseduffield/lazygit/releases/download/v0.65.1/lazygit_0.65.1_linux_arm64.tar.gz"
url_api = "https://api.github.com/repos/jesseduffield/lazygit/releases/assets/560658270"

[tools."github:jesseduffield/lazygit"."platforms.linux-x64"]
checksum = "sha256:02beacbcda0fa342e50ae3480ba8147307353af3fb28e1d5f790e02329c201a6"
url = "https://github.com/jesseduffield/lazygit/releases/download/v0.65.1/lazygit_0.65.1_linux_x86_64.tar.gz"
url_api = "https://api.github.com/repos/jesseduffield/lazygit/releases/assets/560658266"

[tools."github:jesseduffield/lazygit"."platforms.linux-x64-musl"]
checksum = "sha256:02beacbcda0fa342e50ae3480ba8147307353af3fb28e1d5f790e02329c201a6"
url = "https://github.com/jesseduffield/lazygit/releases/download/v0.65.1/lazygit_0.65.1_linux_x86_64.tar.gz"
url_api = "https://api.github.com/repos/jesseduffield/lazygit/releases/assets/560658266"

[tools."github:jesseduffield/lazygit"."platforms.macos-arm64"]
checksum = "sha256:65a367c6ea9a88efebaaf7998a6835eedb987e04916cef677264ff9b31b1b13e"
url = "https://github.com/jesseduffield/lazygit/releases/download/v0.65.1/lazygit_0.65.1_darwin_arm64.tar.gz"
url_api = "https://api.github.com/repos/jesseduffield/lazygit/releases/assets/560658243"

[tools."github:jesseduffield/lazygit"."platforms.macos-x64"]
checksum = "sha256:fde13daf583511aa24c42ca154911643231a5af784c7cdd8117264b2fc035b33"
url = "https://github.com/jesseduffield/lazygit/releases/download/v0.65.1/lazygit_0.65.1_darwin_x86_64.tar.gz"
url_api = "https://api.github.com/repos/jesseduffield/lazygit/releases/assets/560658244"

[tools."github:jesseduffield/lazygit"."platforms.windows-x64"]
checksum = "sha256:bed669be29204932560836a58dc6519ba43c10ea7dc7df63af8a1d96424e191d"
url = "https://github.com/jesseduffield/lazygit/releases/download/v0.65.1/lazygit_0.65.1_windows_x86_64.zip"
url_api = "https://api.github.com/repos/jesseduffield/lazygit/releases/assets/560658241"

[[tools."github:kopecmaciej/vi-sql"]]
version = "0.4.0"
backend = "github:kopecmaciej/vi-sql"

[tools."github:kopecmaciej/vi-sql"."platforms.linux-arm64"]
checksum = "sha256:ae16756d02d25bdce5c0cfd47b2338efdf249404957d9f05eebbe0217838871e"
url = "https://github.com/kopecmaciej/vi-sql/releases/download/v0.4.0/vi-sql_Linux_arm64.tar.gz"
url_api = "https://api.github.com/repos/kopecmaciej/vi-sql/releases/assets/538188836"

[tools."github:kopecmaciej/vi-sql"."platforms.linux-arm64-musl"]
checksum = "sha256:ae16756d02d25bdce5c0cfd47b2338efdf249404957d9f05eebbe0217838871e"
url = "https://github.com/kopecmaciej/vi-sql/releases/download/v0.4.0/vi-sql_Linux_arm64.tar.gz"
url_api = "https://api.github.com/repos/kopecmaciej/vi-sql/releases/assets/538188836"

[tools."github:kopecmaciej/vi-sql"."platforms.linux-x64"]
checksum = "sha256:bdcb2bbd3d0b8b01e364ce387009b72bdc812b632ac8c96dfc824e011746004d"
url = "https://github.com/kopecmaciej/vi-sql/releases/download/v0.4.0/vi-sql_Linux_x86_64.tar.gz"
url_api = "https://api.github.com/repos/kopecmaciej/vi-sql/releases/assets/538188839"

[tools."github:kopecmaciej/vi-sql"."platforms.linux-x64-musl"]
checksum = "sha256:bdcb2bbd3d0b8b01e364ce387009b72bdc812b632ac8c96dfc824e011746004d"
url = "https://github.com/kopecmaciej/vi-sql/releases/download/v0.4.0/vi-sql_Linux_x86_64.tar.gz"
url_api = "https://api.github.com/repos/kopecmaciej/vi-sql/releases/assets/538188839"

[tools."github:kopecmaciej/vi-sql"."platforms.macos-arm64"]
checksum = "sha256:6314ae174f25be956d9ae04ee6672da01c230ddd0cff733fde7da05aac7d76b1"
url = "https://github.com/kopecmaciej/vi-sql/releases/download/v0.4.0/vi-sql_Darwin_arm64.tar.gz"
url_api = "https://api.github.com/repos/kopecmaciej/vi-sql/releases/assets/538188834"

[tools."github:kopecmaciej/vi-sql"."platforms.macos-x64"]
checksum = "sha256:ec8a814139371f82dc11c6861affd0f2135bc088f2c49e2b866a63c5db7b2be1"
url = "https://github.com/kopecmaciej/vi-sql/releases/download/v0.4.0/vi-sql_Darwin_x86_64.tar.gz"
url_api = "https://api.github.com/repos/kopecmaciej/vi-sql/releases/assets/538188862"

[tools."github:kopecmaciej/vi-sql"."platforms.windows-x64"]
checksum = "sha256:0679b4e17e5a3640efa9a02ae765a8e61b93a4ea0081baa7174b9fc5ef2f3467"
url = "https://github.com/kopecmaciej/vi-sql/releases/download/v0.4.0/vi-sql_Windows_x86_64.zip"
url_api = "https://api.github.com/repos/kopecmaciej/vi-sql/releases/assets/538188857"

[[tools."github:tmuxpack/tpack"]]
version = "2.0.6"
backend = "github:tmuxpack/tpack"

[tools."github:tmuxpack/tpack"."platforms.linux-arm64"]
checksum = "sha256:cb61dce698ce2df760cf6c04871fce0ba8785a24a462fb19c681b650b3c352a7"
url = "https://github.com/tmuxpack/tpack/releases/download/v2.0.6/tpack_2.0.6_linux_arm64.tar.gz"
url_api = "https://api.github.com/repos/tmuxpack/tpack/releases/assets/533160250"

[tools."github:tmuxpack/tpack"."platforms.linux-arm64-musl"]
checksum = "sha256:cb61dce698ce2df760cf6c04871fce0ba8785a24a462fb19c681b650b3c352a7"
url = "https://github.com/tmuxpack/tpack/releases/download/v2.0.6/tpack_2.0.6_linux_arm64.tar.gz"
url_api = "https://api.github.com/repos/tmuxpack/tpack/releases/assets/533160250"

[tools."github:tmuxpack/tpack"."platforms.linux-x64"]
checksum = "sha256:936eb4bfaad8e301348970bf0f7afcacd57a737435c6e1cc7beda616d29230a0"
url = "https://github.com/tmuxpack/tpack/releases/download/v2.0.6/tpack_2.0.6_linux_amd64.tar.gz"
url_api = "https://api.github.com/repos/tmuxpack/tpack/releases/assets/533160247"

[tools."github:tmuxpack/tpack"."platforms.linux-x64-musl"]
checksum = "sha256:936eb4bfaad8e301348970bf0f7afcacd57a737435c6e1cc7beda616d29230a0"
url = "https://github.com/tmuxpack/tpack/releases/download/v2.0.6/tpack_2.0.6_linux_amd64.tar.gz"
url_api = "https://api.github.com/repos/tmuxpack/tpack/releases/assets/533160247"

[tools."github:tmuxpack/tpack"."platforms.macos-arm64"]
checksum = "sha256:19a14475a091f01dde9e5ec96932e99d864b94d2d8d62a225da8b8e41e468bb9"
url = "https://github.com/tmuxpack/tpack/releases/download/v2.0.6/tpack_2.0.6_darwin_arm64.tar.gz"
url_api = "https://api.github.com/repos/tmuxpack/tpack/releases/assets/533160248"

[tools."github:tmuxpack/tpack"."platforms.macos-x64"]
checksum = "sha256:f406b07bcfa87c4009d44e42d6688dbd41a35b84838cfac2d61f30a1e2b9fe59"
url = "https://github.com/tmuxpack/tpack/releases/download/v2.0.6/tpack_2.0.6_darwin_amd64.tar.gz"
url_api = "https://api.github.com/repos/tmuxpack/tpack/releases/assets/533160249"

[tools."github:tmuxpack/tpack"."platforms.windows-x64"]
checksum = "sha256:ba5ee33e198a61bca2d6d70f788d9ed6129a8699cfd71db7174418c6bcb2fe4c"
url = "https://github.com/tmuxpack/tpack/releases/download/v2.0.6/tpack_2.0.6_freebsd_amd64.tar.gz"
url_api = "https://api.github.com/repos/tmuxpack/tpack/releases/assets/533160259"

[[tools.go]]
version = "1.26.1"
backend = "core:go"

[tools.go."platforms.linux-arm64"]
checksum = "sha256:a290581cfe4fe28ddd737dde3095f3dbeb7f2e4065cab4eae44dfc53b760c2f7"
url = "https://dl.google.com/go/go1.26.1.linux-arm64.tar.gz"

[tools.go."platforms.linux-arm64-musl"]
checksum = "sha256:a290581cfe4fe28ddd737dde3095f3dbeb7f2e4065cab4eae44dfc53b760c2f7"
url = "https://dl.google.com/go/go1.26.1.linux-arm64.tar.gz"

[tools.go."platforms.linux-x64"]
checksum = "sha256:031f088e5d955bab8657ede27ad4e3bc5b7c1ba281f05f245bcc304f327c987a"
url = "https://dl.google.com/go/go1.26.1.linux-amd64.tar.gz"

[tools.go."platforms.linux-x64-musl"]
checksum = "sha256:031f088e5d955bab8657ede27ad4e3bc5b7c1ba281f05f245bcc304f327c987a"
url = "https://dl.google.com/go/go1.26.1.linux-amd64.tar.gz"

[tools.go."platforms.macos-arm64"]
checksum = "sha256:353df43a7811ce284c8938b5f3c7df40b7bfb6f56cb165b150bc40b5e2dd541f"
url = "https://dl.google.com/go/go1.26.1.darwin-arm64.tar.gz"

[tools.go."platforms.macos-x64"]
checksum = "sha256:65773dab2f8cc4cd23d93ba6d0a805de150ca0b78378879292be0b903b8cdd08"
url = "https://dl.google.com/go/go1.26.1.darwin-amd64.tar.gz"

[tools.go."platforms.windows-x64"]
checksum = "sha256:9b68112c913f45b7aebbf13c036721264bbba7e03a642f8f7490c561eebd1ecc"
url = "https://dl.google.com/go/go1.26.1.windows-amd64.zip"

[[tools.node]]
version = "24.21.0"
backend = "core:node"

[tools.node."platforms.linux-arm64"]
checksum = "sha256:724282c3b43aec998aa9527380465b45d229e021b58035f5f4f63095eabfe5d5"
url = "https://nodejs.org/dist/v24.21.0/node-v24.21.0-linux-arm64.tar.gz"

[tools.node."platforms.linux-arm64-musl"]
checksum = "sha256:3048b0811e158ca0d8672b59c839861763e144492980d8d29b369dfee45747e4"
url = "https://unofficial-builds.nodejs.org/download/release/v24.21.0/node-v24.21.0-linux-arm64-musl.tar.gz"

[tools.node."platforms.linux-x64"]
checksum = "sha256:6e1db87ef58b8819e5d5402eff1536491b18edd8eb7bee5ef7897876e88dc5ff"
url = "https://nodejs.org/dist/v24.21.0/node-v24.21.0-linux-x64.tar.gz"

[tools.node."platforms.linux-x64-musl"]
checksum = "sha256:01a713e34da98e7b4d2a3191ee7ca3f93dd0384d1a2ef23c379b2161ee6e133a"
url = "https://unofficial-builds.nodejs.org/download/release/v24.21.0/node-v24.21.0-linux-x64-musl.tar.gz"

[tools.node."platforms.macos-arm64"]
checksum = "sha256:bed7eea5325e1108f32ce5228ddd6a5f0f08a499ee42aa7442aea583702f6057"
url = "https://nodejs.org/dist/v24.21.0/node-v24.21.0-darwin-arm64.tar.gz"

[tools.node."platforms.macos-x64"]
checksum = "sha256:1462cb3b3046b815cf8ea436d3da450ec1a9f11dac7e5a46b0ada5305d7e8097"
url = "https://nodejs.org/dist/v24.21.0/node-v24.21.0-darwin-x64.tar.gz"

[tools.node."platforms.windows-x64"]
checksum = "sha256:158f7685b44de51f6c0df1d153526cbcd3e1bc739a8dfc607721cef75de9e541"
url = "https://nodejs.org/dist/v24.21.0/node-v24.21.0-win-x64.zip"

[[tools.npm]]
version = "11.11.0"
backend = "aqua:npm/cli"

[tools.npm."platforms.linux-arm64"]
url = "https://registry.npmjs.org/npm/-/npm-11.11.0.tgz"

[tools.npm."platforms.linux-arm64-musl"]
url = "https://registry.npmjs.org/npm/-/npm-11.11.0.tgz"

[tools.npm."platforms.linux-x64"]
url = "https://registry.npmjs.org/npm/-/npm-11.11.0.tgz"

[tools.npm."platforms.linux-x64-musl"]
url = "https://registry.npmjs.org/npm/-/npm-11.11.0.tgz"

[tools.npm."platforms.macos-arm64"]
url = "https://registry.npmjs.org/npm/-/npm-11.11.0.tgz"

[tools.npm."platforms.macos-x64"]
url = "https://registry.npmjs.org/npm/-/npm-11.11.0.tgz"

[[tools."npm:skills"]]
version = "1.4.3"
backend = "npm:skills"

[[tools.prettier]]
version = "3.8.1"
backend = "npm:prettier"

[[tools.ruby]]
version = "4.0.6"
backend = "core:ruby"

[tools.ruby."platforms.windows-x64"]
checksum = "sha256:328d7a86bea2f4c432783025050c9ffa1c36fcfc54ebccc466b63450ec3af223"
url = "https://github.com/oneclick/rubyinstaller2/releases/download/RubyInstaller-4.0.6-1/rubyinstaller-4.0.6-1-x64.7z"

[[tools.ruby]]
version = "4.0.6"
backend = "core:ruby"

[tools.ruby.options]
compile = "false"
precompiled_url = "jdx/ruby"
ruby_build_repo = "https://github.com/rbenv/ruby-build.git"
ruby_install = "false"

[tools.ruby."platforms.linux-arm64"]
checksum = "sha256:6144c26cd5a1ff85358beb7e68e592ada6d0319aa8093cf353465d60f10aa970"
url = "https://github.com/jdx/ruby/releases/download/4.0.6-1/ruby-4.0.6.arm64_linux.tar.gz"
provenance = "github-attestations"

[tools.ruby."platforms.linux-arm64-musl"]
checksum = "sha256:6144c26cd5a1ff85358beb7e68e592ada6d0319aa8093cf353465d60f10aa970"
url = "https://github.com/jdx/ruby/releases/download/4.0.6-1/ruby-4.0.6.arm64_linux.tar.gz"
provenance = "github-attestations"

[tools.ruby."platforms.linux-x64"]
checksum = "sha256:aefa111873bac3b15c5c416bfaaca84e793d5312d4496d651ad79c44521b200a"
url = "https://github.com/jdx/ruby/releases/download/4.0.6-1/ruby-4.0.6.x86_64_linux.tar.gz"
provenance = "github-attestations"

[tools.ruby."platforms.linux-x64-musl"]
checksum = "sha256:aefa111873bac3b15c5c416bfaaca84e793d5312d4496d651ad79c44521b200a"
url = "https://github.com/jdx/ruby/releases/download/4.0.6-1/ruby-4.0.6.x86_64_linux.tar.gz"
provenance = "github-attestations"

[tools.ruby."platforms.macos-arm64"]
checksum = "sha256:518c5849d7ab337790943963ded4f0b402d2d4ededea265288a5a19d4c8fee18"
url = "https://github.com/jdx/ruby/releases/download/4.0.6-1/ruby-4.0.6.macos.tar.gz"
provenance = "github-attestations"

[tools.ruby."platforms.macos-x64"]
checksum = "sha256:837d299e8f7ddf2be31a229a7a7e019d354979825117989acb3b32b1a9be262a"
url = "https://cache.ruby-lang.org/pub/ruby/4.0/ruby-4.0.6.tar.gz"

[[tools.sentry]]
version = "3.8.0"
backend = "aqua:getsentry/sentry-cli"

[tools.sentry."platforms.linux-arm64"]
checksum = "sha256:eaea24b5b47b61a96d9a2e353268ea41fd9a8c5b7979694330df614d4af672bf"
url = "https://github.com/getsentry/sentry-cli/releases/download/3.8.0/sentry-cli-Linux-aarch64"
url_api = "https://api.github.com/repos/getsentry/sentry-cli/releases/assets/568158248"

[tools.sentry."platforms.linux-arm64-musl"]
checksum = "sha256:eaea24b5b47b61a96d9a2e353268ea41fd9a8c5b7979694330df614d4af672bf"
url = "https://github.com/getsentry/sentry-cli/releases/download/3.8.0/sentry-cli-Linux-aarch64"
url_api = "https://api.github.com/repos/getsentry/sentry-cli/releases/assets/568158248"

[tools.sentry."platforms.linux-x64"]
checksum = "sha256:13f8cb34ae01a6a272d7d7c22e277a105286615b4020de900ea95a8de47cdbb6"
url = "https://github.com/getsentry/sentry-cli/releases/download/3.8.0/sentry-cli-Linux-x86_64"
url_api = "https://api.github.com/repos/getsentry/sentry-cli/releases/assets/568158243"

[tools.sentry."platforms.linux-x64-musl"]
checksum = "sha256:13f8cb34ae01a6a272d7d7c22e277a105286615b4020de900ea95a8de47cdbb6"
url = "https://github.com/getsentry/sentry-cli/releases/download/3.8.0/sentry-cli-Linux-x86_64"
url_api = "https://api.github.com/repos/getsentry/sentry-cli/releases/assets/568158243"

[tools.sentry."platforms.macos-arm64"]
checksum = "sha256:1dda212b0e168b9c4dc48d7d3aa24c1c37de9c6edf786e6ae661236e529969cd"
url = "https://github.com/getsentry/sentry-cli/releases/download/3.8.0/sentry-cli-Darwin-arm64"
url_api = "https://api.github.com/repos/getsentry/sentry-cli/releases/assets/568158233"

[tools.sentry."platforms.macos-x64"]
checksum = "sha256:279c795b15de7a76106d30b6611b7942b1a97323307327bafc18335f10384c4d"
url = "https://github.com/getsentry/sentry-cli/releases/download/3.8.0/sentry-cli-Darwin-x86_64"
url_api = "https://api.github.com/repos/getsentry/sentry-cli/releases/assets/568158237"

[tools.sentry."platforms.windows-x64"]
checksum = "sha256:2257cf6805a616f5c3ee291a549ebbba021190048b646adc006beb4e8cdef7fd"
url = "https://github.com/getsentry/sentry-cli/releases/download/3.8.0/sentry-cli-Windows-x86_64.exe"
url_api = "https://api.github.com/repos/getsentry/sentry-cli/releases/assets/568158249"

[[tools.yarn]]
version = "4.1.0"
backend = "vfox:yarn"
