# @generated - this file is auto-generated by `mise lock` https://mise.jdx.dev/dev-tools/mise-lock.html

[[tools."aqua:neovim/neovim"]]
version = "0.12.5"
backend = "aqua:neovim/neovim"

[tools."aqua:neovim/neovim"."platforms.linux-arm64"]
checksum = "sha256:1aa5ca085249580ae0f91eb14f27ec0919773ff2d99a163d03f3d6c21ac29725"
url = "https://github.com/neovim/neovim/releases/download/v0.12.5/nvim-linux-arm64.tar.gz"
url_api = "https://api.github.com/repos/neovim/neovim/releases/assets/526503739"

[tools."aqua:neovim/neovim"."platforms.linux-arm64-musl"]
checksum = "sha256:1aa5ca085249580ae0f91eb14f27ec0919773ff2d99a163d03f3d6c21ac29725"
url = "https://github.com/neovim/neovim/releases/download/v0.12.5/nvim-linux-arm64.tar.gz"
url_api = "https://api.github.com/repos/neovim/neovim/releases/assets/526503739"

[tools."aqua:neovim/neovim"."platforms.linux-x64"]
checksum = "sha256:bce0f56eda1f1b1db6eee8f4133d7a38813ea07933837dd1777411ca384c6875"
url = "https://github.com/neovim/neovim/releases/download/v0.12.5/nvim-linux-x86_64.tar.gz"
url_api = "https://api.github.com/repos/neovim/neovim/releases/assets/526503737"

[tools."aqua:neovim/neovim"."platforms.linux-x64-musl"]
checksum = "sha256:bce0f56eda1f1b1db6eee8f4133d7a38813ea07933837dd1777411ca384c6875"
url = "https://github.com/neovim/neovim/releases/download/v0.12.5/nvim-linux-x86_64.tar.gz"
url_api = "https://api.github.com/repos/neovim/neovim/releases/assets/526503737"

[tools."aqua:neovim/neovim"."platforms.macos-arm64"]
checksum = "sha256:65fb000099e47ca1b762584c484cc833f40e30851a0ec450d4174e16317c1f9b"
url = "https://github.com/neovim/neovim/releases/download/v0.12.5/nvim-macos-arm64.tar.gz"
url_api = "https://api.github.com/repos/neovim/neovim/releases/assets/526503741"

[tools."aqua:neovim/neovim"."platforms.macos-x64"]
checksum = "sha256:81f4518622cb059b450ee2e498c6a1082a222f6bd89589de5bbcf0c6a68aa3fd"
url = "https://github.com/neovim/neovim/releases/download/v0.12.5/nvim-macos-x86_64.tar.gz"
url_api = "https://api.github.com/repos/neovim/neovim/releases/assets/526503740"

[tools."aqua:neovim/neovim"."platforms.windows-x64"]
checksum = "sha256:de8625ba8cf65ebf40eb80a388ba1ec8e9c15b30218821e2c639119b05920de1"
url = "https://github.com/neovim/neovim/releases/download/v0.12.5/nvim-win64.zip"
url_api = "https://api.github.com/repos/neovim/neovim/releases/assets/526503770"

[[tools."github:kopecmaciej/vi-sql"]]
version = "0.4.0"
backend = "github:kopecmaciej/vi-sql"

[tools."github:kopecmaciej/vi-sql"."platforms.linux-arm64"]
checksum = "sha256:ae16756d02d25bdce5c0cfd47b2338efdf249404957d9f05eebbe0217838871e"
url = "https://github.com/kopecmaciej/vi-sql/releases/download/v0.4.0/vi-sql_Linux_arm64.tar.gz"
url_api = "https://api.github.com/repos/kopecmaciej/vi-sql/releases/assets/538188836"

[tools."github:kopecmaciej/vi-sql"."platforms.linux-arm64-musl"]
checksum = "sha256:ae16756d02d25bdce5c0cfd47b2338efdf249404957d9f05eebbe0217838871e"
url = "https://github.com/kopecmaciej/vi-sql/releases/download/v0.4.0/vi-sql_Linux_arm64.tar.gz"
url_api = "https://api.github.com/repos/kopecmaciej/vi-sql/releases/assets/538188836"

[tools."github:kopecmaciej/vi-sql"."platforms.linux-x64"]
checksum = "sha256:bdcb2bbd3d0b8b01e364ce387009b72bdc812b632ac8c96dfc824e011746004d"
url = "https://github.com/kopecmaciej/vi-sql/releases/download/v0.4.0/vi-sql_Linux_x86_64.tar.gz"
url_api = "https://api.github.com/repos/kopecmaciej/vi-sql/releases/assets/538188839"

[tools."github:kopecmaciej/vi-sql"."platforms.linux-x64-musl"]
checksum = "sha256:bdcb2bbd3d0b8b01e364ce387009b72bdc812b632ac8c96dfc824e011746004d"
url = "https://github.com/kopecmaciej/vi-sql/releases/download/v0.4.0/vi-sql_Linux_x86_64.tar.gz"
url_api = "https://api.github.com/repos/kopecmaciej/vi-sql/releases/assets/538188839"

[tools."github:kopecmaciej/vi-sql"."platforms.macos-arm64"]
checksum = "sha256:6314ae174f25be956d9ae04ee6672da01c230ddd0cff733fde7da05aac7d76b1"
url = "https://github.com/kopecmaciej/vi-sql/releases/download/v0.4.0/vi-sql_Darwin_arm64.tar.gz"
url_api = "https://api.github.com/repos/kopecmaciej/vi-sql/releases/assets/538188834"

[tools."github:kopecmaciej/vi-sql"."platforms.macos-x64"]
checksum = "sha256:ec8a814139371f82dc11c6861affd0f2135bc088f2c49e2b866a63c5db7b2be1"
url = "https://github.com/kopecmaciej/vi-sql/releases/download/v0.4.0/vi-sql_Darwin_x86_64.tar.gz"
url_api = "https://api.github.com/repos/kopecmaciej/vi-sql/releases/assets/538188862"

[tools."github:kopecmaciej/vi-sql"."platforms.windows-x64"]
checksum = "sha256:0679b4e17e5a3640efa9a02ae765a8e61b93a4ea0081baa7174b9fc5ef2f3467"
url = "https://github.com/kopecmaciej/vi-sql/releases/download/v0.4.0/vi-sql_Windows_x86_64.zip"
url_api = "https://api.github.com/repos/kopecmaciej/vi-sql/releases/assets/538188857"

[[tools.go]]
version = "1.26.1"
backend = "core:go"

[tools.go."platforms.linux-arm64"]
checksum = "sha256:a290581cfe4fe28ddd737dde3095f3dbeb7f2e4065cab4eae44dfc53b760c2f7"
url = "https://dl.google.com/go/go1.26.1.linux-arm64.tar.gz"

[tools.go."platforms.linux-arm64-musl"]
checksum = "sha256:a290581cfe4fe28ddd737dde3095f3dbeb7f2e4065cab4eae44dfc53b760c2f7"
url = "https://dl.google.com/go/go1.26.1.linux-arm64.tar.gz"

[tools.go."platforms.linux-x64"]
checksum = "sha256:031f088e5d955bab8657ede27ad4e3bc5b7c1ba281f05f245bcc304f327c987a"
url = "https://dl.google.com/go/go1.26.1.linux-amd64.tar.gz"

[tools.go."platforms.linux-x64-musl"]
checksum = "sha256:031f088e5d955bab8657ede27ad4e3bc5b7c1ba281f05f245bcc304f327c987a"
url = "https://dl.google.com/go/go1.26.1.linux-amd64.tar.gz"

[tools.go."platforms.macos-arm64"]
checksum = "sha256:353df43a7811ce284c8938b5f3c7df40b7bfb6f56cb165b150bc40b5e2dd541f"
url = "https://dl.google.com/go/go1.26.1.darwin-arm64.tar.gz"

[tools.go."platforms.macos-x64"]
checksum = "sha256:65773dab2f8cc4cd23d93ba6d0a805de150ca0b78378879292be0b903b8cdd08"
url = "https://dl.google.com/go/go1.26.1.darwin-amd64.tar.gz"

[tools.go."platforms.windows-x64"]
checksum = "sha256:9b68112c913f45b7aebbf13c036721264bbba7e03a642f8f7490c561eebd1ecc"
url = "https://dl.google.com/go/go1.26.1.windows-amd64.zip"

[[tools.node]]
version = "24.18.0"
backend = "core:node"

[tools.node."platforms.linux-arm64"]
checksum = "sha256:6b4484c2190274175df9aa8f28e2d758a819cb1c1fe6ab481e2f95b463ab8508"
url = "https://nodejs.org/dist/v24.18.0/node-v24.18.0-linux-arm64.tar.gz"

[tools.node."platforms.linux-arm64-musl"]
checksum = "sha256:b1c6c2dc31b46dd8fb2322f4fe75b07e775c5120bc37251deeea28f529d4567b"
url = "https://unofficial-builds.nodejs.org/download/release/v24.18.0/node-v24.18.0-linux-arm64-musl.tar.gz"

[tools.node."platforms.linux-x64"]
checksum = "sha256:783130984963db7ba9cbd01089eaf2c2efb055c7c1693c943174b967b3050cb8"
url = "https://nodejs.org/dist/v24.18.0/node-v24.18.0-linux-x64.tar.gz"

[tools.node."platforms.linux-x64-musl"]
checksum = "sha256:ea58409911e141ec6b19d9178efa2d9185a13295005b1cbf5521b3157eed1d95"
url = "https://unofficial-builds.nodejs.org/download/release/v24.18.0/node-v24.18.0-linux-x64-musl.tar.gz"

[tools.node."platforms.macos-arm64"]
checksum = "sha256:e1a97e14c99c803e96c7339403282ea05a499c32f8d83defe9ef5ec66f979ed1"
url = "https://nodejs.org/dist/v24.18.0/node-v24.18.0-darwin-arm64.tar.gz"

[tools.node."platforms.macos-x64"]
checksum = "sha256:dfd0dbd3e721503434df7b7205e719f61b3a3a31b2bcf9729b8b91fea240f080"
url = "https://nodejs.org/dist/v24.18.0/node-v24.18.0-darwin-x64.tar.gz"

[tools.node."platforms.windows-x64"]
checksum = "sha256:0ae68406b42d7725661da979b1403ec9926da205c6770827f33aac9d8f26e821"
url = "https://nodejs.org/dist/v24.18.0/node-v24.18.0-win-x64.zip"

[[tools.npm]]
version = "11.11.0"
backend = "aqua:npm/cli"

[tools.npm."platforms.linux-arm64"]
url = "https://registry.npmjs.org/npm/-/npm-11.11.0.tgz"

[tools.npm."platforms.linux-arm64-musl"]
url = "https://registry.npmjs.org/npm/-/npm-11.11.0.tgz"

[tools.npm."platforms.linux-x64"]
url = "https://registry.npmjs.org/npm/-/npm-11.11.0.tgz"

[tools.npm."platforms.linux-x64-musl"]
url = "https://registry.npmjs.org/npm/-/npm-11.11.0.tgz"

[tools.npm."platforms.macos-arm64"]
url = "https://registry.npmjs.org/npm/-/npm-11.11.0.tgz"

[tools.npm."platforms.macos-x64"]
url = "https://registry.npmjs.org/npm/-/npm-11.11.0.tgz"

[[tools."npm:@mariozechner/pi-coding-agent"]]
version = "0.67.1"
backend = "npm:@mariozechner/pi-coding-agent"

[[tools."npm:skills"]]
version = "1.4.3"
backend = "npm:skills"

[[tools.prettier]]
version = "3.8.1"
backend = "npm:prettier"

[[tools.ruby]]
version = "4.0.6"
backend = "core:ruby"

[tools.ruby.options]
compile = "false"
precompiled_url = "jdx/ruby"
ruby_build_repo = "https://github.com/rbenv/ruby-build.git"
ruby_install = "false"

[tools.ruby."platforms.linux-arm64"]
checksum = "sha256:6144c26cd5a1ff85358beb7e68e592ada6d0319aa8093cf353465d60f10aa970"
url = "https://github.com/jdx/ruby/releases/download/4.0.6-1/ruby-4.0.6.arm64_linux.tar.gz"
provenance = "github-attestations"

[tools.ruby."platforms.linux-arm64-musl"]
checksum = "sha256:6144c26cd5a1ff85358beb7e68e592ada6d0319aa8093cf353465d60f10aa970"
url = "https://github.com/jdx/ruby/releases/download/4.0.6-1/ruby-4.0.6.arm64_linux.tar.gz"
provenance = "github-attestations"

[tools.ruby."platforms.linux-x64"]
checksum = "sha256:aefa111873bac3b15c5c416bfaaca84e793d5312d4496d651ad79c44521b200a"
url = "https://github.com/jdx/ruby/releases/download/4.0.6-1/ruby-4.0.6.x86_64_linux.tar.gz"
provenance = "github-attestations"

[tools.ruby."platforms.linux-x64-musl"]
checksum = "sha256:aefa111873bac3b15c5c416bfaaca84e793d5312d4496d651ad79c44521b200a"
url = "https://github.com/jdx/ruby/releases/download/4.0.6-1/ruby-4.0.6.x86_64_linux.tar.gz"
provenance = "github-attestations"

[tools.ruby."platforms.macos-arm64"]
checksum = "sha256:518c5849d7ab337790943963ded4f0b402d2d4ededea265288a5a19d4c8fee18"
url = "https://github.com/jdx/ruby/releases/download/4.0.6-1/ruby-4.0.6.macos.tar.gz"
provenance = "github-attestations"

[tools.ruby."platforms.macos-x64"]
checksum = "sha256:837d299e8f7ddf2be31a229a7a7e019d354979825117989acb3b32b1a9be262a"
url = "https://cache.ruby-lang.org/pub/ruby/4.0/ruby-4.0.6.tar.gz"

[[tools.ruby]]
version = "4.0.6"
backend = "core:ruby"

[tools.ruby."platforms.windows-x64"]
checksum = "sha256:328d7a86bea2f4c432783025050c9ffa1c36fcfc54ebccc466b63450ec3af223"
url = "https://github.com/oneclick/rubyinstaller2/releases/download/RubyInstaller-4.0.6-1/rubyinstaller-4.0.6-1-x64.7z"

[[tools.yarn]]
version = "4.1.0"
backend = "vfox:yarn"
